
Microsoft Visual Studio Solution File, Format Version 12.00
# Visual Studio Version 17
VisualStudioVersion = 17.5.002.0
MinimumVisualStudioVersion = 10.0.40219.1
Project("{9A19103F-16F7-4668-BE54-9A1E7A4F7556}") = "Gamestore.Frontend", "Gamestore.Frontend\Gamestore.Frontend.csproj", "{392D243B-17CF-4B47-87E0-E594C0DC1917}"
EndProject
Global
	GlobalSection(SolutionConfigurationPlatforms) = preSolution
		Debug|Any CPU = Debug|Any CPU
		Release|Any CPU = Release|Any CPU
	EndGlobalSection
	GlobalSection(ProjectConfigurationPlatforms) = postSolution
		{392D243B-17CF-4B47-87E0-E594C0DC1917}.Debug|Any CPU.ActiveCfg = Debug|Any CPU
		{392D243B-17CF-4B47-87E0-E594C0DC1917}.Debug|Any CPU.Build.0 = Debug|Any CPU
		{392D243B-17CF-4B47-87E0-E594C0DC1917}.Release|Any CPU.ActiveCfg = Release|Any CPU
		{392D243B-17CF-4B47-87E0-E594C0DC1917}.Release|Any CPU.Build.0 = Release|Any CPU
	EndGlobalSection
	GlobalSection(SolutionProperties) = preSolution
		HideSolutionNode = FALSE
	EndGlobalSection
	GlobalSection(ExtensibilityGlobals) = postSolution
		SolutionGuid = {1F8A052B-8451-4E46-A96D-2F9F040653EA}
	EndGlobalSection
EndGlobal
