
Microsoft Visual Studio Solution File, Format Version 12.00
# Visual Studio Version 17
VisualStudioVersion = 17.5.002.0
MinimumVisualStudioVersion = 10.0.40219.1
Project("{9A19103F-16F7-4668-BE54-9A1E7A4F7556}") = "GameStore.Api", "GameStore.Api.csproj", "{63DDE280-7D88-41DC-B8EF-20A0DDFEBF98}"
EndProject
Global
	GlobalSection(SolutionConfigurationPlatforms) = preSolution
		Debug|Any CPU = Debug|Any CPU
		Release|Any CPU = Release|Any CPU
	EndGlobalSection
	GlobalSection(ProjectConfigurationPlatforms) = postSolution
		{63DDE280-7D88-41DC-B8EF-20A0DDFEBF98}.Debug|Any CPU.ActiveCfg = Debug|Any CPU
		{63DDE280-7D88-41DC-B8EF-20A0DDFEBF98}.Debug|Any CPU.Build.0 = Debug|Any CPU
		{63DDE280-7D88-41DC-B8EF-20A0DDFEBF98}.Release|Any CPU.ActiveCfg = Release|Any CPU
		{63DDE280-7D88-41DC-B8EF-20A0DDFEBF98}.Release|Any CPU.Build.0 = Release|Any CPU
	EndGlobalSection
	GlobalSection(SolutionProperties) = preSolution
		HideSolutionNode = FALSE
	EndGlobalSection
	GlobalSection(ExtensibilityGlobals) = postSolution
		SolutionGuid = {0C4C41D2-47E2-4B2D-90DD-1FEE0A884629}
	EndGlobalSection
EndGlobal
